<?xml version="1.0" encoding="utf-8"?>
<Project ToolsVersion="4.0" xmlns="http://schemas.microsoft.com/developer/msbuild/2003">
  <ItemGroup>
    <Filter Include="Source Files">
      <UniqueIdentifier>{4FC737F1-C7A5-4376-A066-2A32D752A2FF}</UniqueIdentifier>
      <Extensions>cpp;c;cc;cxx;c++;cppm;ixx;def;odl;idl;hpj;bat;asm;asmx</Extensions>
    </Filter>
    <Filter Include="Header Files">
      <UniqueIdentifier>{93995380-89BD-4b04-88EB-625FBE52EBFB}</UniqueIdentifier>
      <Extensions>h;hh;hpp;hxx;h++;hm;inl;inc;ipp;xsd</Extensions>
    </Filter>
    <Filter Include="Resource Files">
      <UniqueIdentifier>{67DA6AB6-F800-4c08-8B7A-83BB121AAD01}</UniqueIdentifier>
      <Extensions>rc;ico;cur;bmp;dlg;rc2;rct;bin;rgs;gif;jpg;jpeg;jpe;resx;tiff;tif;png;wav;mfcribbon-ms</Extensions>
    </Filter>
    <Filter Include="Header Files\sdl_gpu">
      <UniqueIdentifier>{c3c5a65f-8d8f-4c31-b0d7-86c3602768ff}</UniqueIdentifier>
    </Filter>
    <Filter Include="Header Files\sdl2">
      <UniqueIdentifier>{240ad286-5598-42e3-97d8-819b15188592}</UniqueIdentifier>
    </Filter>
    <Filter Include="Source Files\imgui">
      <UniqueIdentifier>{9ca9c044-9594-4f39-a35e-ccc6d47585a0}</UniqueIdentifier>
    </Filter>
    <Filter Include="Header Files\imgui">
      <UniqueIdentifier>{0e9d4221-32ab-406a-8ec4-006518f7fac8}</UniqueIdentifier>
    </Filter>
    <Filter Include="Header Files\hocevar">
      <UniqueIdentifier>{a89dc938-116e-4e91-a36f-73ac58eae51a}</UniqueIdentifier>
    </Filter>
    <Filter Include="Header Files\nlohmann">
      <UniqueIdentifier>{74fe27cb-d2de-467f-ac54-db35cf34e78f}</UniqueIdentifier>
    </Filter>
    <Filter Include="Header Files\freetype">
      <UniqueIdentifier>{eacc3354-f13a-415c-9665-04cfccff1ca7}</UniqueIdentifier>
    </Filter>
  </ItemGroup>
  <ItemGroup>
    <ClCompile Include="CRTerm.cpp">
      <Filter>Source Files</Filter>
    </ClCompile>
    <ClCompile Include="Shaders.cpp">
      <Filter>Source Files</Filter>
    </ClCompile>
    <ClCompile Include="Console.cpp">
      <Filter>Source Files</Filter>
    </ClCompile>
    <ClCompile Include="ConPTY.cpp">
      <Filter>Source Files</Filter>
    </ClCompile>
    <ClCompile Include="VT100.cpp">
      <Filter>Source Files</Filter>
    </ClCompile>
    <ClCompile Include="CRTermConfig.cpp">
      <Filter>Source Files</Filter>
    </ClCompile>
    <ClCompile Include="Win32ClipBoard.cpp">
      <Filter>Source Files</Filter>
    </ClCompile>
    <ClCompile Include="lib\imgui\imgui_draw.cpp">
      <Filter>Source Files\imgui</Filter>
    </ClCompile>
    <ClCompile Include="lib\imgui\imgui_impl_opengl3.cpp">
      <Filter>Source Files\imgui</Filter>
    </ClCompile>
    <ClCompile Include="lib\imgui\imgui_impl_sdl2.cpp">
      <Filter>Source Files\imgui</Filter>
    </ClCompile>
    <ClCompile Include="lib\imgui\imgui_tables.cpp">
      <Filter>Source Files\imgui</Filter>
    </ClCompile>
    <ClCompile Include="lib\imgui\imgui_widgets.cpp">
      <Filter>Source Files\imgui</Filter>
    </ClCompile>
    <ClCompile Include="lib\imgui\imgui.cpp">
      <Filter>Source Files\imgui</Filter>
    </ClCompile>
    <ClCompile Include="CRTermUI.cpp">
      <Filter>Source Files</Filter>
    </ClCompile>
    <ClCompile Include="lib\imgui\imgui_stdlib.cpp">
      <Filter>Source Files\imgui</Filter>
    </ClCompile>
    <ClCompile Include="ConfigEditor.cpp">
      <Filter>Source Files</Filter>
    </ClCompile>
    <ClCompile Include="ConfigSelector.cpp">
      <Filter>Source Files</Filter>
    </ClCompile>
    <ClCompile Include="ContextMenu.cpp">
      <Filter>Source Files</Filter>
    </ClCompile>
    <ClCompile Include="CustomTitlebar.cpp">
      <Filter>Source Files</Filter>
    </ClCompile>
    <ClCompile Include="ArgumentParser.cpp">
      <Filter>Source Files</Filter>
    </ClCompile>
    <ClCompile Include="TrueType.cpp">
      <Filter>Source Files</Filter>
    </ClCompile>
    <ClCompile Include="PNGFont.cpp">
      <Filter>Source Files</Filter>
    </ClCompile>
    <ClCompile Include="XTerm256Palette.cpp">
      <Filter>Source Files</Filter>
    </ClCompile>
    <ClCompile Include="Win32Transparency.cpp">
      <Filter>Source Files</Filter>
    </ClCompile>
  </ItemGroup>
  <ItemGroup>
    <ClInclude Include="Shaders.h">
      <Filter>Source Files</Filter>
    </ClInclude>
    <ClInclude Include="Console.h">
      <Filter>Source Files</Filter>
    </ClInclude>
    <ClInclude Include="ConPTY.h">
      <Filter>Source Files</Filter>
    </ClInclude>
    <ClInclude Include="VT100.h">
      <Filter>Source Files</Filter>
    </ClInclude>
    <ClInclude Include="CRTermConfig.h">
      <Filter>Source Files</Filter>
    </ClInclude>
    <ClInclude Include="Win32ClipBoard.h">
      <Filter>Source Files</Filter>
    </ClInclude>
    <ClInclude Include="lib\SDL2_gpu\include\SDL_gpu_OpenGL_1.h">
      <Filter>Header Files\sdl_gpu</Filter>
    </ClInclude>
    <ClInclude Include="lib\SDL2_gpu\include\SDL_gpu_OpenGL_1_BASE.h">
      <Filter>Header Files\sdl_gpu</Filter>
    </ClInclude>
    <ClInclude Include="lib\SDL2_gpu\include\SDL_gpu_OpenGL_2.h">
      <Filter>Header Files\sdl_gpu</Filter>
    </ClInclude>
    <ClInclude Include="lib\SDL2_gpu\include\SDL_gpu_OpenGL_3.h">
      <Filter>Header Files\sdl_gpu</Filter>
    </ClInclude>
    <ClInclude Include="lib\SDL2_gpu\include\SDL_gpu_OpenGL_4.h">
      <Filter>Header Files\sdl_gpu</Filter>
    </ClInclude>
    <ClInclude Include="lib\SDL2_gpu\include\SDL_gpu_RendererImpl.h">
      <Filter>Header Files\sdl_gpu</Filter>
    </ClInclude>
    <ClInclude Include="lib\SDL2_gpu\include\SDL_gpu_version.h">
      <Filter>Header Files\sdl_gpu</Filter>
    </ClInclude>
    <ClInclude Include="lib\SDL2_gpu\include\SDL_gpu.h">
      <Filter>Header Files\sdl_gpu</Filter>
    </ClInclude>
    <ClInclude Include="lib\SDL2_gpu\include\SDL_gpu_GLES_1.h">
      <Filter>Header Files\sdl_gpu</Filter>
    </ClInclude>
    <ClInclude Include="lib\SDL2_gpu\include\SDL_gpu_GLES_2.h">
      <Filter>Header Files\sdl_gpu</Filter>
    </ClInclude>
    <ClInclude Include="lib\SDL2_gpu\include\SDL_gpu_GLES_3.h">
      <Filter>Header Files\sdl_gpu</Filter>
    </ClInclude>
    <ClInclude Include="lib\SDL2\include\close_code.h">
      <Filter>Header Files\sdl2</Filter>
    </ClInclude>
    <ClInclude Include="lib\SDL2\include\SDL.h">
      <Filter>Header Files\sdl2</Filter>
    </ClInclude>
    <ClInclude Include="lib\SDL2\include\SDL_assert.h">
      <Filter>Header Files\sdl2</Filter>
    </ClInclude>
    <ClInclude Include="lib\SDL2\include\SDL_atomic.h">
      <Filter>Header Files\sdl2</Filter>
    </ClInclude>
    <ClInclude Include="lib\SDL2\include\SDL_audio.h">
      <Filter>Header Files\sdl2</Filter>
    </ClInclude>
    <ClInclude Include="lib\SDL2\include\SDL_bits.h">
      <Filter>Header Files\sdl2</Filter>
    </ClInclude>
    <ClInclude Include="lib\SDL2\include\SDL_blendmode.h">
      <Filter>Header Files\sdl2</Filter>
    </ClInclude>
    <ClInclude Include="lib\SDL2\include\SDL_clipboard.h">
      <Filter>Header Files\sdl2</Filter>
    </ClInclude>
    <ClInclude Include="lib\SDL2\include\SDL_config.h">
      <Filter>Header Files\sdl2</Filter>
    </ClInclude>
    <ClInclude Include="lib\SDL2\include\SDL_cpuinfo.h">
      <Filter>Header Files\sdl2</Filter>
    </ClInclude>
    <ClInclude Include="lib\SDL2\include\SDL_egl.h">
      <Filter>Header Files\sdl2</Filter>
    </ClInclude>
    <ClInclude Include="lib\SDL2\include\SDL_endian.h">
      <Filter>Header Files\sdl2</Filter>
    </ClInclude>
    <ClInclude Include="lib\SDL2\include\SDL_error.h">
      <Filter>Header Files\sdl2</Filter>
    </ClInclude>
    <ClInclude Include="lib\SDL2\include\SDL_events.h">
      <Filter>Header Files\sdl2</Filter>
    </ClInclude>
    <ClInclude Include="lib\SDL2\include\SDL_filesystem.h">
      <Filter>Header Files\sdl2</Filter>
    </ClInclude>
    <ClInclude Include="lib\SDL2\include\SDL_gamecontroller.h">
      <Filter>Header Files\sdl2</Filter>
    </ClInclude>
    <ClInclude Include="lib\SDL2\include\SDL_gesture.h">
      <Filter>Header Files\sdl2</Filter>
    </ClInclude>
    <ClInclude Include="lib\SDL2\include\SDL_guid.h">
      <Filter>Header Files\sdl2</Filter>
    </ClInclude>
    <ClInclude Include="lib\SDL2\include\SDL_haptic.h">
      <Filter>Header Files\sdl2</Filter>
    </ClInclude>
    <ClInclude Include="lib\SDL2\include\SDL_hidapi.h">
      <Filter>Header Files\sdl2</Filter>
    </ClInclude>
    <ClInclude Include="lib\SDL2\include\SDL_hints.h">
      <Filter>Header Files\sdl2</Filter>
    </ClInclude>
    <ClInclude Include="lib\SDL2\include\SDL_joystick.h">
      <Filter>Header Files\sdl2</Filter>
    </ClInclude>
    <ClInclude Include="lib\SDL2\include\SDL_keyboard.h">
      <Filter>Header Files\sdl2</Filter>
    </ClInclude>
    <ClInclude Include="lib\SDL2\include\SDL_keycode.h">
      <Filter>Header Files\sdl2</Filter>
    </ClInclude>
    <ClInclude Include="lib\SDL2\include\SDL_loadso.h">
      <Filter>Header Files\sdl2</Filter>
    </ClInclude>
    <ClInclude Include="lib\SDL2\include\SDL_locale.h">
      <Filter>Header Files\sdl2</Filter>
    </ClInclude>
    <ClInclude Include="lib\SDL2\include\SDL_log.h">
      <Filter>Header Files\sdl2</Filter>
    </ClInclude>
    <ClInclude Include="lib\SDL2\include\SDL_main.h">
      <Filter>Header Files\sdl2</Filter>
    </ClInclude>
    <ClInclude Include="lib\SDL2\include\SDL_messagebox.h">
      <Filter>Header Files\sdl2</Filter>
    </ClInclude>
    <ClInclude Include="lib\SDL2\include\SDL_metal.h">
      <Filter>Header Files\sdl2</Filter>
    </ClInclude>
    <ClInclude Include="lib\SDL2\include\SDL_misc.h">
      <Filter>Header Files\sdl2</Filter>
    </ClInclude>
    <ClInclude Include="lib\SDL2\include\SDL_mouse.h">
      <Filter>Header Files\sdl2</Filter>
    </ClInclude>
    <ClInclude Include="lib\SDL2\include\SDL_mutex.h">
      <Filter>Header Files\sdl2</Filter>
    </ClInclude>
    <ClInclude Include="lib\SDL2\include\SDL_name.h">
      <Filter>Header Files\sdl2</Filter>
    </ClInclude>
    <ClInclude Include="lib\SDL2\include\SDL_opengl.h">
      <Filter>Header Files\sdl2</Filter>
    </ClInclude>
    <ClInclude Include="lib\SDL2\include\SDL_opengl_glext.h">
      <Filter>Header Files\sdl2</Filter>
    </ClInclude>
    <ClInclude Include="lib\SDL2\include\SDL_opengles.h">
      <Filter>Header Files\sdl2</Filter>
    </ClInclude>
    <ClInclude Include="lib\SDL2\include\SDL_opengles2.h">
      <Filter>Header Files\sdl2</Filter>
    </ClInclude>
    <ClInclude Include="lib\SDL2\include\SDL_opengles2_gl2.h">
      <Filter>Header Files\sdl2</Filter>
    </ClInclude>
    <ClInclude Include="lib\SDL2\include\SDL_opengles2_gl2ext.h">
      <Filter>Header Files\sdl2</Filter>
    </ClInclude>
    <ClInclude Include="lib\SDL2\include\SDL_opengles2_gl2platform.h">
      <Filter>Header Files\sdl2</Filter>
    </ClInclude>
    <ClInclude Include="lib\SDL2\include\SDL_opengles2_khrplatform.h">
      <Filter>Header Files\sdl2</Filter>
    </ClInclude>
    <ClInclude Include="lib\SDL2\include\SDL_pixels.h">
      <Filter>Header Files\sdl2</Filter>
    </ClInclude>
    <ClInclude Include="lib\SDL2\include\SDL_platform.h">
      <Filter>Header Files\sdl2</Filter>
    </ClInclude>
    <ClInclude Include="lib\SDL2\include\SDL_power.h">
      <Filter>Header Files\sdl2</Filter>
    </ClInclude>
    <ClInclude Include="lib\SDL2\include\SDL_quit.h">
      <Filter>Header Files\sdl2</Filter>
    </ClInclude>
    <ClInclude Include="lib\SDL2\include\SDL_rect.h">
      <Filter>Header Files\sdl2</Filter>
    </ClInclude>
    <ClInclude Include="lib\SDL2\include\SDL_render.h">
      <Filter>Header Files\sdl2</Filter>
    </ClInclude>
    <ClInclude Include="lib\SDL2\include\SDL_revision.h">
      <Filter>Header Files\sdl2</Filter>
    </ClInclude>
    <ClInclude Include="lib\SDL2\include\SDL_rwops.h">
      <Filter>Header Files\sdl2</Filter>
    </ClInclude>
    <ClInclude Include="lib\SDL2\include\SDL_scancode.h">
      <Filter>Header Files\sdl2</Filter>
    </ClInclude>
    <ClInclude Include="lib\SDL2\include\SDL_sensor.h">
      <Filter>Header Files\sdl2</Filter>
    </ClInclude>
    <ClInclude Include="lib\SDL2\include\SDL_shape.h">
      <Filter>Header Files\sdl2</Filter>
    </ClInclude>
    <ClInclude Include="lib\SDL2\include\SDL_stdinc.h">
      <Filter>Header Files\sdl2</Filter>
    </ClInclude>
    <ClInclude Include="lib\SDL2\include\SDL_surface.h">
      <Filter>Header Files\sdl2</Filter>
    </ClInclude>
    <ClInclude Include="lib\SDL2\include\SDL_system.h">
      <Filter>Header Files\sdl2</Filter>
    </ClInclude>
    <ClInclude Include="lib\SDL2\include\SDL_syswm.h">
      <Filter>Header Files\sdl2</Filter>
    </ClInclude>
    <ClInclude Include="lib\SDL2\include\SDL_test.h">
      <Filter>Header Files\sdl2</Filter>
    </ClInclude>
    <ClInclude Include="lib\SDL2\include\SDL_test_assert.h">
      <Filter>Header Files\sdl2</Filter>
    </ClInclude>
    <ClInclude Include="lib\SDL2\include\SDL_test_common.h">
      <Filter>Header Files\sdl2</Filter>
    </ClInclude>
    <ClInclude Include="lib\SDL2\include\SDL_test_compare.h">
      <Filter>Header Files\sdl2</Filter>
    </ClInclude>
    <ClInclude Include="lib\SDL2\include\SDL_test_crc32.h">
      <Filter>Header Files\sdl2</Filter>
    </ClInclude>
    <ClInclude Include="lib\SDL2\include\SDL_test_font.h">
      <Filter>Header Files\sdl2</Filter>
    </ClInclude>
    <ClInclude Include="lib\SDL2\include\SDL_test_fuzzer.h">
      <Filter>Header Files\sdl2</Filter>
    </ClInclude>
    <ClInclude Include="lib\SDL2\include\SDL_test_harness.h">
      <Filter>Header Files\sdl2</Filter>
    </ClInclude>
    <ClInclude Include="lib\SDL2\include\SDL_test_images.h">
      <Filter>Header Files\sdl2</Filter>
    </ClInclude>
    <ClInclude Include="lib\SDL2\include\SDL_test_log.h">
      <Filter>Header Files\sdl2</Filter>
    </ClInclude>
    <ClInclude Include="lib\SDL2\include\SDL_test_md5.h">
      <Filter>Header Files\sdl2</Filter>
    </ClInclude>
    <ClInclude Include="lib\SDL2\include\SDL_test_memory.h">
      <Filter>Header Files\sdl2</Filter>
    </ClInclude>
    <ClInclude Include="lib\SDL2\include\SDL_test_random.h">
      <Filter>Header Files\sdl2</Filter>
    </ClInclude>
    <ClInclude Include="lib\SDL2\include\SDL_thread.h">
      <Filter>Header Files\sdl2</Filter>
    </ClInclude>
    <ClInclude Include="lib\SDL2\include\SDL_timer.h">
      <Filter>Header Files\sdl2</Filter>
    </ClInclude>
    <ClInclude Include="lib\SDL2\include\SDL_touch.h">
      <Filter>Header Files\sdl2</Filter>
    </ClInclude>
    <ClInclude Include="lib\SDL2\include\SDL_types.h">
      <Filter>Header Files\sdl2</Filter>
    </ClInclude>
    <ClInclude Include="lib\SDL2\include\SDL_version.h">
      <Filter>Header Files\sdl2</Filter>
    </ClInclude>
    <ClInclude Include="lib\SDL2\include\SDL_video.h">
      <Filter>Header Files\sdl2</Filter>
    </ClInclude>
    <ClInclude Include="lib\SDL2\include\SDL_vulkan.h">
      <Filter>Header Files\sdl2</Filter>
    </ClInclude>
    <ClInclude Include="lib\SDL2\include\begin_code.h">
      <Filter>Header Files\sdl2</Filter>
    </ClInclude>
    <ClInclude Include="lib\imgui\include\imgui.h">
      <Filter>Header Files\imgui</Filter>
    </ClInclude>
    <ClInclude Include="lib\imgui\include\imgui_impl_opengl3.h">
      <Filter>Header Files\imgui</Filter>
    </ClInclude>
    <ClInclude Include="lib\imgui\include\imgui_impl_opengl3_loader.h">
      <Filter>Header Files\imgui</Filter>
    </ClInclude>
    <ClInclude Include="lib\imgui\include\imgui_impl_sdl2.h">
      <Filter>Header Files\imgui</Filter>
    </ClInclude>
    <ClInclude Include="lib\imgui\include\imgui_internal.h">
      <Filter>Header Files\imgui</Filter>
    </ClInclude>
    <ClInclude Include="lib\imgui\include\imstb_rectpack.h">
      <Filter>Header Files\imgui</Filter>
    </ClInclude>
    <ClInclude Include="lib\imgui\include\imstb_textedit.h">
      <Filter>Header Files\imgui</Filter>
    </ClInclude>
    <ClInclude Include="lib\imgui\include\imstb_truetype.h">
      <Filter>Header Files\imgui</Filter>
    </ClInclude>
    <ClInclude Include="lib\imgui\include\imconfig.h">
      <Filter>Header Files\imgui</Filter>
    </ClInclude>
    <ClInclude Include="CRTermUI.h">
      <Filter>Source Files</Filter>
    </ClInclude>
    <ClInclude Include="ConfigEditor.h">
      <Filter>Source Files</Filter>
    </ClInclude>
    <ClInclude Include="lib\imgui\include\imgui_stdlib.h">
      <Filter>Header Files\imgui</Filter>
    </ClInclude>
    <ClInclude Include="ConfigSelector.h">
      <Filter>Source Files</Filter>
    </ClInclude>
    <ClInclude Include="ContextMenu.h">
      <Filter>Source Files</Filter>
    </ClInclude>
    <ClInclude Include="CustomTitleBar.h">
      <Filter>Source Files</Filter>
    </ClInclude>
    <ClInclude Include="include\hocevar\pfd.h">
      <Filter>Header Files\hocevar</Filter>
    </ClInclude>
    <ClInclude Include="include\nlohmann\json.h">
      <Filter>Header Files\nlohmann</Filter>
    </ClInclude>
    <ClInclude Include="UITheme.h">
      <Filter>Source Files</Filter>
    </ClInclude>
    <ClInclude Include="resource.h">
      <Filter>Header Files</Filter>
    </ClInclude>
    <ClInclude Include="CRTerm.h">
      <Filter>Source Files</Filter>
    </ClInclude>
    <ClInclude Include="ArgumentParser.h">
      <Filter>Source Files</Filter>
    </ClInclude>
    <ClInclude Include="Debug.h">
      <Filter>Source Files</Filter>
    </ClInclude>
    <ClInclude Include="lib\freetype\include\freetype\config\ftconfig.h">
      <Filter>Header Files\freetype</Filter>
    </ClInclude>
    <ClInclude Include="lib\freetype\include\freetype\config\ftheader.h">
      <Filter>Header Files\freetype</Filter>
    </ClInclude>
    <ClInclude Include="lib\freetype\include\freetype\config\ftmodule.h">
      <Filter>Header Files\freetype</Filter>
    </ClInclude>
    <ClInclude Include="lib\freetype\include\freetype\config\ftoption.h">
      <Filter>Header Files\freetype</Filter>
    </ClInclude>
    <ClInclude Include="lib\freetype\include\freetype\config\ftstdlib.h">
      <Filter>Header Files\freetype</Filter>
    </ClInclude>
    <ClInclude Include="lib\freetype\include\freetype\config\integer-types.h">
      <Filter>Header Files\freetype</Filter>
    </ClInclude>
    <ClInclude Include="lib\freetype\include\freetype\config\mac-support.h">
      <Filter>Header Files\freetype</Filter>
    </ClInclude>
    <ClInclude Include="lib\freetype\include\freetype\config\public-macros.h">
      <Filter>Header Files\freetype</Filter>
    </ClInclude>
    <ClInclude Include="lib\freetype\include\freetype\freetype.h">
      <Filter>Header Files\freetype</Filter>
    </ClInclude>
    <ClInclude Include="lib\freetype\include\freetype\ftadvanc.h">
      <Filter>Header Files\freetype</Filter>
    </ClInclude>
    <ClInclude Include="lib\freetype\include\freetype\ftbbox.h">
      <Filter>Header Files\freetype</Filter>
    </ClInclude>
    <ClInclude Include="lib\freetype\include\freetype\ftbdf.h">
      <Filter>Header Files\freetype</Filter>
    </ClInclude>
    <ClInclude Include="lib\freetype\include\freetype\ftbitmap.h">
      <Filter>Header Files\freetype</Filter>
    </ClInclude>
    <ClInclude Include="lib\freetype\include\freetype\ftbzip2.h">
      <Filter>Header Files\freetype</Filter>
    </ClInclude>
    <ClInclude Include="lib\freetype\include\freetype\ftcache.h">
      <Filter>Header Files\freetype</Filter>
    </ClInclude>
    <ClInclude Include="lib\freetype\include\freetype\ftchapters.h">
      <Filter>Header Files\freetype</Filter>
    </ClInclude>
    <ClInclude Include="lib\freetype\include\freetype\ftcid.h">
      <Filter>Header Files\freetype</Filter>
    </ClInclude>
    <ClInclude Include="lib\freetype\include\freetype\ftcolor.h">
      <Filter>Header Files\freetype</Filter>
    </ClInclude>
    <ClInclude Include="lib\freetype\include\freetype\ftdriver.h">
      <Filter>Header Files\freetype</Filter>
    </ClInclude>
    <ClInclude Include="lib\freetype\include\freetype\fterrdef.h">
      <Filter>Header Files\freetype</Filter>
    </ClInclude>
    <ClInclude Include="lib\freetype\include\freetype\fterrors.h">
      <Filter>Header Files\freetype</Filter>
    </ClInclude>
    <ClInclude Include="lib\freetype\include\freetype\ftfntfmt.h">
      <Filter>Header Files\freetype</Filter>
    </ClInclude>
    <ClInclude Include="lib\freetype\include\freetype\ftgasp.h">
      <Filter>Header Files\freetype</Filter>
    </ClInclude>
    <ClInclude Include="lib\freetype\include\freetype\ftglyph.h">
      <Filter>Header Files\freetype</Filter>
    </ClInclude>
    <ClInclude Include="lib\freetype\include\freetype\ftgxval.h">
      <Filter>Header Files\freetype</Filter>
    </ClInclude>
    <ClInclude Include="lib\freetype\include\freetype\ftgzip.h">
      <Filter>Header Files\freetype</Filter>
    </ClInclude>
    <ClInclude Include="lib\freetype\include\freetype\ftimage.h">
      <Filter>Header Files\freetype</Filter>
    </ClInclude>
    <ClInclude Include="lib\freetype\include\freetype\ftincrem.h">
      <Filter>Header Files\freetype</Filter>
    </ClInclude>
    <ClInclude Include="lib\freetype\include\freetype\ftlcdfil.h">
      <Filter>Header Files\freetype</Filter>
    </ClInclude>
    <ClInclude Include="lib\freetype\include\freetype\ftlist.h">
      <Filter>Header Files\freetype</Filter>
    </ClInclude>
    <ClInclude Include="lib\freetype\include\freetype\ftlogging.h">
      <Filter>Header Files\freetype</Filter>
    </ClInclude>
    <ClInclude Include="lib\freetype\include\freetype\ftlzw.h">
      <Filter>Header Files\freetype</Filter>
    </ClInclude>
    <ClInclude Include="lib\freetype\include\freetype\ftmac.h">
      <Filter>Header Files\freetype</Filter>
    </ClInclude>
    <ClInclude Include="lib\freetype\include\freetype\ftmm.h">
      <Filter>Header Files\freetype</Filter>
    </ClInclude>
    <ClInclude Include="lib\freetype\include\freetype\ftmodapi.h">
      <Filter>Header Files\freetype</Filter>
    </ClInclude>
    <ClInclude Include="lib\freetype\include\freetype\ftmoderr.h">
      <Filter>Header Files\freetype</Filter>
    </ClInclude>
    <ClInclude Include="lib\freetype\include\freetype\ftotval.h">
      <Filter>Header Files\freetype</Filter>
    </ClInclude>
    <ClInclude Include="lib\freetype\include\freetype\ftoutln.h">
      <Filter>Header Files\freetype</Filter>
    </ClInclude>
    <ClInclude Include="lib\freetype\include\freetype\ftparams.h">
      <Filter>Header Files\freetype</Filter>
    </ClInclude>
    <ClInclude Include="lib\freetype\include\freetype\ftpfr.h">
      <Filter>Header Files\freetype</Filter>
    </ClInclude>
    <ClInclude Include="lib\freetype\include\freetype\ftrender.h">
      <Filter>Header Files\freetype</Filter>
    </ClInclude>
    <ClInclude Include="lib\freetype\include\freetype\ftsizes.h">
      <Filter>Header Files\freetype</Filter>
    </ClInclude>
    <ClInclude Include="lib\freetype\include\freetype\ftsnames.h">
      <Filter>Header Files\freetype</Filter>
    </ClInclude>
    <ClInclude Include="lib\freetype\include\freetype\ftstroke.h">
      <Filter>Header Files\freetype</Filter>
    </ClInclude>
    <ClInclude Include="lib\freetype\include\freetype\ftsynth.h">
      <Filter>Header Files\freetype</Filter>
    </ClInclude>
    <ClInclude Include="lib\freetype\include\freetype\ftsystem.h">
      <Filter>Header Files\freetype</Filter>
    </ClInclude>
    <ClInclude Include="lib\freetype\include\freetype\fttrigon.h">
      <Filter>Header Files\freetype</Filter>
    </ClInclude>
    <ClInclude Include="lib\freetype\include\freetype\fttypes.h">
      <Filter>Header Files\freetype</Filter>
    </ClInclude>
    <ClInclude Include="lib\freetype\include\freetype\ftwinfnt.h">
      <Filter>Header Files\freetype</Filter>
    </ClInclude>
    <ClInclude Include="lib\freetype\include\freetype\otsvg.h">
      <Filter>Header Files\freetype</Filter>
    </ClInclude>
    <ClInclude Include="lib\freetype\include\freetype\t1tables.h">
      <Filter>Header Files\freetype</Filter>
    </ClInclude>
    <ClInclude Include="lib\freetype\include\freetype\ttnameid.h">
      <Filter>Header Files\freetype</Filter>
    </ClInclude>
    <ClInclude Include="lib\freetype\include\freetype\tttables.h">
      <Filter>Header Files\freetype</Filter>
    </ClInclude>
    <ClInclude Include="lib\freetype\include\freetype\tttags.h">
      <Filter>Header Files\freetype</Filter>
    </ClInclude>
    <ClInclude Include="lib\freetype\include\ft2build.h">
      <Filter>Header Files\freetype</Filter>
    </ClInclude>
    <ClInclude Include="TrueType.h">
      <Filter>Source Files</Filter>
    </ClInclude>
    <ClInclude Include="ConsoleFont.h">
      <Filter>Source Files</Filter>
    </ClInclude>
    <ClInclude Include="PNGFont.h">
      <Filter>Source Files</Filter>
    </ClInclude>
    <ClInclude Include="XTerm256Palette.h">
      <Filter>Source Files</Filter>
    </ClInclude>
    <ClInclude Include="LRUCache.h">
      <Filter>Source Files</Filter>
    </ClInclude>
    <ClInclude Include="Timer.h">
      <Filter>Source Files</Filter>
    </ClInclude>
    <ClInclude Include="Win32Transparency.h">
      <Filter>Source Files</Filter>
    </ClInclude>
  </ItemGroup>
  <ItemGroup>
    <ResourceCompile Include="CRTerm.rc">
      <Filter>Resource Files</Filter>
    </ResourceCompile>
  </ItemGroup>
  <ItemGroup>
    <Image Include="crterm.ico">
      <Filter>Resource Files</Filter>
    </Image>
  </ItemGroup>
</Project>